
Microsoft Visual Studio Solution File, Format Version 12.00
# Visual Studio Version 17
VisualStudioVersion = 17.1.32319.34
MinimumVisualStudioVersion = 10.0.40219.1
Project("{9A19103F-16F7-4668-BE54-9A1E7A4F7556}") = "Entities", "Entities\Entities.csproj", "{8A084376-B5E0-4E5C-B748-DAB587B81D06}"
EndProject
Project("{9A19103F-16F7-4668-BE54-9A1E7A4F7556}") = "NhlDataCollection", "NhlDataCollection\NhlDataCollection.csproj", "{958B34CF-EB03-481A-836C-384F979CA6A7}"
EndProject
Project("{9A19103F-16F7-4668-BE54-9A1E7A4F7556}") = "DataCollectionTrigger", "DataCollectionTrigger\DataCollectionTrigger.csproj", "{6DE2E3A8-9E62-4887-A544-ECA48D90C566}"
EndProject
Project("{9A19103F-16F7-4668-BE54-9A1E7A4F7556}") = "UnitTests", "UnitTests\UnitTests.csproj", "{2032B997-4463-4746-9ADA-627E2A853B2F}"
EndProject
Project("{9A19103F-16F7-4668-BE54-9A1E7A4F7556}") = "NhlDataCleaning", "NhlDataCleaning\NhlDataCleaning.csproj", "{8ED98DD9-D6D8-438A-940F-2BC45078401A}"
EndProject
Project("{9A19103F-16F7-4668-BE54-9A1E7A4F7556}") = "DataAccess", "DataAccess\DataAccess.csproj", "{6F8438F2-7BF8-4447-AD02-FDA21C1287ED}"
EndProject
Project("{FAE04EC0-301F-11D3-BF4B-00C04F79EFBC}") = "LocalRunning", "LocalRunning\LocalRunning.csproj", "{869F1673-2EBE-4538-9C78-A13A6E65B8CB}"
EndProject
Project("{00D1A9C2-B5F0-4AF3-8072-F6C62B433612}") = "NhlGameDatabase", "NhlGameDatabase\NhlGameDatabase.sqlproj", "{7DF11CB7-33CC-4DA3-8A8F-843AD848CF93}"
EndProject
Global
	GlobalSection(SolutionConfigurationPlatforms) = preSolution
		Debug|Any CPU = Debug|Any CPU
		Release|Any CPU = Release|Any CPU
	EndGlobalSection
	GlobalSection(ProjectConfigurationPlatforms) = postSolution
		{8A084376-B5E0-4E5C-B748-DAB587B81D06}.Debug|Any CPU.ActiveCfg = Debug|Any CPU
		{8A084376-B5E0-4E5C-B748-DAB587B81D06}.Debug|Any CPU.Build.0 = Debug|Any CPU
		{8A084376-B5E0-4E5C-B748-DAB587B81D06}.Release|Any CPU.ActiveCfg = Release|Any CPU
		{8A084376-B5E0-4E5C-B748-DAB587B81D06}.Release|Any CPU.Build.0 = Release|Any CPU
		{958B34CF-EB03-481A-836C-384F979CA6A7}.Debug|Any CPU.ActiveCfg = Debug|Any CPU
		{958B34CF-EB03-481A-836C-384F979CA6A7}.Debug|Any CPU.Build.0 = Debug|Any CPU
		{958B34CF-EB03-481A-836C-384F979CA6A7}.Release|Any CPU.ActiveCfg = Release|Any CPU
		{958B34CF-EB03-481A-836C-384F979CA6A7}.Release|Any CPU.Build.0 = Release|Any CPU
		{6DE2E3A8-9E62-4887-A544-ECA48D90C566}.Debug|Any CPU.ActiveCfg = Debug|Any CPU
		{6DE2E3A8-9E62-4887-A544-ECA48D90C566}.Debug|Any CPU.Build.0 = Debug|Any CPU
		{6DE2E3A8-9E62-4887-A544-ECA48D90C566}.Release|Any CPU.ActiveCfg = Release|Any CPU
		{6DE2E3A8-9E62-4887-A544-ECA48D90C566}.Release|Any CPU.Build.0 = Release|Any CPU
		{2032B997-4463-4746-9ADA-627E2A853B2F}.Debug|Any CPU.ActiveCfg = Debug|Any CPU
		{2032B997-4463-4746-9ADA-627E2A853B2F}.Debug|Any CPU.Build.0 = Debug|Any CPU
		{2032B997-4463-4746-9ADA-627E2A853B2F}.Release|Any CPU.ActiveCfg = Release|Any CPU
		{2032B997-4463-4746-9ADA-627E2A853B2F}.Release|Any CPU.Build.0 = Release|Any CPU
		{8ED98DD9-D6D8-438A-940F-2BC45078401A}.Debug|Any CPU.ActiveCfg = Debug|Any CPU
		{8ED98DD9-D6D8-438A-940F-2BC45078401A}.Debug|Any CPU.Build.0 = Debug|Any CPU
		{8ED98DD9-D6D8-438A-940F-2BC45078401A}.Release|Any CPU.ActiveCfg = Release|Any CPU
		{8ED98DD9-D6D8-438A-940F-2BC45078401A}.Release|Any CPU.Build.0 = Release|Any CPU
		{6F8438F2-7BF8-4447-AD02-FDA21C1287ED}.Debug|Any CPU.ActiveCfg = Debug|Any CPU
		{6F8438F2-7BF8-4447-AD02-FDA21C1287ED}.Debug|Any CPU.Build.0 = Debug|Any CPU
		{6F8438F2-7BF8-4447-AD02-FDA21C1287ED}.Release|Any CPU.ActiveCfg = Release|Any CPU
		{6F8438F2-7BF8-4447-AD02-FDA21C1287ED}.Release|Any CPU.Build.0 = Release|Any CPU
		{869F1673-2EBE-4538-9C78-A13A6E65B8CB}.Debug|Any CPU.ActiveCfg = Debug|Any CPU
		{869F1673-2EBE-4538-9C78-A13A6E65B8CB}.Debug|Any CPU.Build.0 = Debug|Any CPU
		{869F1673-2EBE-4538-9C78-A13A6E65B8CB}.Release|Any CPU.ActiveCfg = Release|Any CPU
		{869F1673-2EBE-4538-9C78-A13A6E65B8CB}.Release|Any CPU.Build.0 = Release|Any CPU
		{7DF11CB7-33CC-4DA3-8A8F-843AD848CF93}.Debug|Any CPU.ActiveCfg = Debug|Any CPU
		{7DF11CB7-33CC-4DA3-8A8F-843AD848CF93}.Debug|Any CPU.Build.0 = Debug|Any CPU
		{7DF11CB7-33CC-4DA3-8A8F-843AD848CF93}.Debug|Any CPU.Deploy.0 = Debug|Any CPU
		{7DF11CB7-33CC-4DA3-8A8F-843AD848CF93}.Release|Any CPU.ActiveCfg = Release|Any CPU
		{7DF11CB7-33CC-4DA3-8A8F-843AD848CF93}.Release|Any CPU.Build.0 = Release|Any CPU
		{7DF11CB7-33CC-4DA3-8A8F-843AD848CF93}.Release|Any CPU.Deploy.0 = Release|Any CPU
	EndGlobalSection
	GlobalSection(SolutionProperties) = preSolution
		HideSolutionNode = FALSE
	EndGlobalSection
	GlobalSection(ExtensibilityGlobals) = postSolution
		SolutionGuid = {434DF0A4-F9FC-41D2-832C-211CD5DDB0D9}
	EndGlobalSection
EndGlobal
